<?xml version="1.0" encoding="utf-8"?>
<Project ToolsVersion="4.0" xmlns="http://schemas.microsoft.com/developer/msbuild/2003">
  <ItemGroup>
    <Filter Include="婧愭枃浠?>
      <UniqueIdentifier>{4FC737F1-C7A5-4376-A066-2A32D752A2FF}</UniqueIdentifier>
      <Extensions>cpp;c;cc;cxx;c++;cppm;ixx;def;odl;idl;hpj;bat;asm;asmx</Extensions>
    </Filter>
    <Filter Include="澶存枃浠?>
      <UniqueIdentifier>{93995380-89BD-4b04-88EB-625FBE52EBFB}</UniqueIdentifier>
      <Extensions>h;hh;hpp;hxx;h++;hm;inl;inc;ipp;xsd</Extensions>
    </Filter>
    <Filter Include="璧勬簮鏂囦欢">
      <UniqueIdentifier>{67DA6AB6-F800-4c08-8B7A-83BB121AAD01}</UniqueIdentifier>
      <Extensions>rc;ico;cur;bmp;dlg;rc2;rct;bin;rgs;gif;jpg;jpeg;jpe;resx;tiff;tif;png;wav;mfcribbon-ms</Extensions>
    </Filter>
    <Filter Include="Audio">
      <UniqueIdentifier>{8A7E6F01-0000-4A00-8000-000000000001}</UniqueIdentifier>
    </Filter>
    <Filter Include="Queue">
      <UniqueIdentifier>{8A7E6F01-0000-4A00-8000-000000000002}</UniqueIdentifier>
    </Filter>
    <Filter Include="Sync">
      <UniqueIdentifier>{8A7E6F01-0000-4A00-8000-000000000003}</UniqueIdentifier>
    </Filter>
    <Filter Include="Screenshot">
      <UniqueIdentifier>{8A7E6F01-0000-4A00-8000-000000000004}</UniqueIdentifier>
    </Filter>
    <Filter Include="Statistics">
      <UniqueIdentifier>{8A7E6F01-0000-4A00-8000-000000000005}</UniqueIdentifier>
    </Filter>
    <Filter Include="Utils">
      <UniqueIdentifier>{8A7E6F01-0000-4A00-8000-000000000006}</UniqueIdentifier>
    </Filter>
    <Filter Include="Seek">
      <UniqueIdentifier>{8A7E6F01-0000-4A00-8000-000000000007}</UniqueIdentifier>
    </Filter>
    <Filter Include="Subtitle">
      <UniqueIdentifier>{8A7E6F01-0000-4A00-8000-000000000008}</UniqueIdentifier>
    </Filter>
    <Filter Include="Playlist">
      <UniqueIdentifier>{8A7E6F01-0000-4A00-8000-000000000009}</UniqueIdentifier>
    </Filter>
    <Filter Include="Config">
      <UniqueIdentifier>{8A7E6F01-0000-4A00-8000-00000000000A}</UniqueIdentifier>
    </Filter>
    <Filter Include="Input">
      <UniqueIdentifier>{8A7E6F01-0000-4A00-8000-00000000000B}</UniqueIdentifier>
    </Filter>
    <Filter Include="Network">
      <UniqueIdentifier>{8A7E6F01-0000-4A00-8000-00000000000C}</UniqueIdentifier>
    </Filter>
    <Filter Include="Encoder">
      <UniqueIdentifier>{8A7E6F01-0000-4A00-8000-00000000000D}</UniqueIdentifier>
    </Filter>
    <Filter Include="Muxer">
      <UniqueIdentifier>{8A7E6F01-0000-4A00-8000-00000000000E}</UniqueIdentifier>
    </Filter>
    <Filter Include="Filter">
      <UniqueIdentifier>{8A7E6F01-0000-4A00-8000-00000000000F}</UniqueIdentifier>
    </Filter>
    <Filter Include="Hardware">
      <UniqueIdentifier>{8A7E6F01-0000-4A00-8000-000000000010}</UniqueIdentifier>
    </Filter>
  </ItemGroup>
  <ItemGroup>
    <ClCompile Include="app\main.cpp">
      <Filter>婧愭枃浠?/Filter>
    </ClCompile>
    <ClCompile Include="output\video\Renderer.cpp">
      <Filter>婧愭枃浠?/Filter>
    </ClCompile>
    <ClCompile Include="output\video\VideoPresenter.cpp">
      <Filter>婧愭枃浠?/Filter>
    </ClCompile>
    <ClCompile Include="pipeline\demux\Demuxer.cpp">
      <Filter>婧愭枃浠?/Filter>
    </ClCompile>
    <ClCompile Include="recording\AudioEncoder.cpp">
      <Filter>Encoder</Filter>
    </ClCompile>
    <ClCompile Include="recording\VideoEncoder.cpp">
      <Filter>Encoder</Filter>
    </ClCompile>
    <ClCompile Include="recording\FLVMuxer.cpp">
      <Filter>Muxer</Filter>
    </ClCompile>
    <ClCompile Include="recording\HLSMuxer.cpp">
      <Filter>Muxer</Filter>
    </ClCompile>
    <ClCompile Include="recording\Muxer.cpp">
      <Filter>Muxer</Filter>
    </ClCompile>
    <ClCompile Include="hardware\CUDAContext.cpp">
      <Filter>Hardware</Filter>
    </ClCompile>
    <ClCompile Include="hardware\HardwareDecoder.cpp">
      <Filter>Hardware</Filter>
    </ClCompile>
    <ClCompile Include="streaming\StreamMonitor.cpp">
      <Filter>Network</Filter>
    </ClCompile>
    <ClCompile Include="pipeline\video\VideoDecoder.cpp">
      <Filter>婧愭枃浠?/Filter>
    </ClCompile>
    <ClCompile Include="core\Player.cpp">
      <Filter>婧愭枃浠?/Filter>
    </ClCompile>
    <ClCompile Include="core\PlaybackSession.cpp">
      <Filter>婧愭枃浠?/Filter>
    </ClCompile>
    <ClCompile Include="app\Event.cpp">
      <Filter>婧愭枃浠?/Filter>
    </ClCompile>
    <ClCompile Include="output\osd\FontManager.cpp">
      <Filter>婧愭枃浠?/Filter>
    </ClCompile>
    <ClCompile Include="output\osd\OSDManager.cpp">
      <Filter>婧愭枃浠?/Filter>
    </ClCompile>
    <ClCompile Include="pipeline\audio\AudioDecoder.cpp">
      <Filter>婧愭枃浠?/Filter>
    </ClCompile>
    <ClCompile Include="pipeline\audio\AudioResampler.cpp">
      <Filter>婧愭枃浠?/Filter>
    </ClCompile>
    <ClCompile Include="output\audio\AudioDevice.cpp">
      <Filter>婧愭枃浠?/Filter>
    </ClCompile>
    <ClCompile Include="pipeline\audio\AudioSpeedController.cpp">
      <Filter>Audio</Filter>
    </ClCompile>
    <ClCompile Include="pipeline\audio\PCMQueue.cpp">
      <Filter>Audio</Filter>
    </ClCompile>
    <ClCompile Include="pipeline\audio\SpeedController.cpp">
      <Filter>Audio</Filter>
    </ClCompile>
    <ClCompile Include="pipeline\audio\VolumeController.cpp">
      <Filter>Audio</Filter>
    </ClCompile>
    <ClCompile Include="config\ConfigManager.cpp">
      <Filter>Config</Filter>
    </ClCompile>
    <ClCompile Include="pipeline\input\InputSource.cpp">
      <Filter>Input</Filter>
    </ClCompile>
    <ClCompile Include="pipeline\input\CameraInput.cpp">
      <Filter>Input</Filter>
    </ClCompile>
    <ClCompile Include="pipeline\input\FileInput.cpp">
      <Filter>Input</Filter>
    </ClCompile>
    <ClCompile Include="pipeline\input\NetworkInput.cpp">
      <Filter>Input</Filter>
    </ClCompile>
    <ClCompile Include="streaming\NetworkBuffer.cpp">
      <Filter>Network</Filter>
    </ClCompile>
    <ClCompile Include="streaming\NetworkStatistics.cpp">
      <Filter>Network</Filter>
    </ClCompile>
    <ClCompile Include="streaming\BufferController.cpp">
      <Filter>Network</Filter>
    </ClCompile>
    <ClCompile Include="pipeline\queue\PacketQueue.cpp">
      <Filter>Queue</Filter>
    </ClCompile>
    <ClCompile Include="pipeline\queue\FrameQueue.cpp">
      <Filter>Queue</Filter>
    </ClCompile>
    <ClCompile Include="sync\AudioClock.cpp">
      <Filter>Sync</Filter>
    </ClCompile>
    <ClCompile Include="sync\LiveClock.cpp">
      <Filter>Sync</Filter>
    </ClCompile>
    <ClCompile Include="sync\SyncController.cpp">
      <Filter>Sync</Filter>
    </ClCompile>
    <ClCompile Include="features\seek\SeekController.cpp">
      <Filter>Seek</Filter>
    </ClCompile>
    <ClCompile Include="features\screenshot\ScreenshotManager.cpp">
      <Filter>Screenshot</Filter>
    </ClCompile>
    <ClCompile Include="features\statistics\PlayerStatistics.cpp">
      <Filter>Statistics</Filter>
    </ClCompile>
    <ClCompile Include="features\subtitle\SubtitleManager.cpp">
      <Filter>Subtitle</Filter>
    </ClCompile>
    <ClCompile Include="features\playlist\PlaylistManager.cpp">
      <Filter>Playlist</Filter>
    </ClCompile>
    <ClCompile Include="infra\ErrorHandler.cpp">
      <Filter>Utils</Filter>
    </ClCompile>
    <ClCompile Include="infra\Logger.cpp">
      <Filter>Utils</Filter>
    </ClCompile>
  </ItemGroup>
  <ItemGroup>
    <ClInclude Include="pipeline\demux\Demuxer.h">
      <Filter>澶存枃浠?/Filter>
    </ClInclude>
    <ClInclude Include="recording\AudioEncoder.h">
      <Filter>Encoder</Filter>
    </ClInclude>
    <ClInclude Include="recording\VideoEncoder.h">
      <Filter>Encoder</Filter>
    </ClInclude>
    <ClInclude Include="recording\FLVMuxer.h">
      <Filter>Muxer</Filter>
    </ClInclude>
    <ClInclude Include="recording\HLSMuxer.h">
      <Filter>Muxer</Filter>
    </ClInclude>
    <ClInclude Include="recording\Muxer.h">
      <Filter>Muxer</Filter>
    </ClInclude>
    <ClInclude Include="hardware\CUDAContext.h">
      <Filter>Hardware</Filter>
    </ClInclude>
    <ClInclude Include="hardware\HardwareDecoder.h">
      <Filter>Hardware</Filter>
    </ClInclude>
    <ClInclude Include="streaming\StreamMonitor.h">
      <Filter>Network</Filter>
    </ClInclude>
    <ClInclude Include="pipeline\video\VideoDecoder.h">
      <Filter>澶存枃浠?/Filter>
    </ClInclude>
    <ClInclude Include="output\video\Renderer.h">
      <Filter>澶存枃浠?/Filter>
    </ClInclude>
    <ClInclude Include="output\video\VideoPresenter.h">
      <Filter>澶存枃浠?/Filter>
    </ClInclude>
    <ClInclude Include="core\Player.h">
      <Filter>澶存枃浠?/Filter>
    </ClInclude>
    <ClInclude Include="core\PlayerState.h">
      <Filter>澶存枃浠?/Filter>
    </ClInclude>
    <ClInclude Include="core\MediaContext.h">
      <Filter>澶存枃浠?/Filter>
    </ClInclude>
    <ClInclude Include="core\PlaybackSession.h">
      <Filter>澶存枃浠?/Filter>
    </ClInclude>
    <ClInclude Include="app\Event.h">
      <Filter>澶存枃浠?/Filter>
    </ClInclude>
    <ClInclude Include="output\osd\FontManager.h">
      <Filter>澶存枃浠?/Filter>
    </ClInclude>
    <ClInclude Include="output\osd\OSDManager.h">
      <Filter>澶存枃浠?/Filter>
    </ClInclude>
    <ClInclude Include="pipeline\audio\AudioDecoder.h">
      <Filter>澶存枃浠?/Filter>
    </ClInclude>
    <ClInclude Include="pipeline\audio\AudioResampler.h">
      <Filter>澶存枃浠?/Filter>
    </ClInclude>
    <ClInclude Include="output\audio\AudioDevice.h">
      <Filter>澶存枃浠?/Filter>
    </ClInclude>
    <ClInclude Include="pipeline\audio\AudioSpeedController.h">
      <Filter>Audio</Filter>
    </ClInclude>
    <ClInclude Include="pipeline\audio\PCMQueue.h">
      <Filter>Audio</Filter>
    </ClInclude>
    <ClInclude Include="pipeline\audio\SpeedController.h">
      <Filter>Audio</Filter>
    </ClInclude>
    <ClInclude Include="pipeline\audio\VolumeController.h">
      <Filter>Audio</Filter>
    </ClInclude>
    <ClInclude Include="config\ConfigManager.h">
      <Filter>Config</Filter>
    </ClInclude>
    <ClInclude Include="config\PlayerConfig.h">
      <Filter>Config</Filter>
    </ClInclude>
    <ClInclude Include="config\StreamConfig.h">
      <Filter>Config</Filter>
    </ClInclude>
    <ClInclude Include="pipeline\input\InputSource.h">
      <Filter>Input</Filter>
    </ClInclude>
    <ClInclude Include="pipeline\input\CameraInput.h">
      <Filter>Input</Filter>
    </ClInclude>
    <ClInclude Include="pipeline\input\FileInput.h">
      <Filter>Input</Filter>
    </ClInclude>
    <ClInclude Include="pipeline\input\NetworkInput.h">
      <Filter>Input</Filter>
    </ClInclude>
    <ClInclude Include="streaming\NetworkBuffer.h">
      <Filter>Network</Filter>
    </ClInclude>
    <ClInclude Include="streaming\NetworkStatistics.h">
      <Filter>Network</Filter>
    </ClInclude>
    <ClInclude Include="streaming\BufferController.h">
      <Filter>Network</Filter>
    </ClInclude>
    <ClInclude Include="pipeline\queue\PacketQueue.h">
      <Filter>Queue</Filter>
    </ClInclude>
    <ClInclude Include="pipeline\queue\FrameQueue.h">
      <Filter>Queue</Filter>
    </ClInclude>
    <ClInclude Include="sync\AudioClock.h">
      <Filter>Sync</Filter>
    </ClInclude>
    <ClInclude Include="sync\LiveClock.h">
      <Filter>Sync</Filter>
    </ClInclude>
    <ClInclude Include="sync\SyncController.h">
      <Filter>Sync</Filter>
    </ClInclude>
    <ClInclude Include="features\seek\SeekController.h">
      <Filter>Seek</Filter>
    </ClInclude>
    <ClInclude Include="features\screenshot\ScreenshotManager.h">
      <Filter>Screenshot</Filter>
    </ClInclude>
    <ClInclude Include="features\statistics\PlayerStatistics.h">
      <Filter>Statistics</Filter>
    </ClInclude>
    <ClInclude Include="features\subtitle\SubtitleManager.h">
      <Filter>Subtitle</Filter>
    </ClInclude>
    <ClInclude Include="features\playlist\PlaylistManager.h">
      <Filter>Playlist</Filter>
    </ClInclude>
    <ClInclude Include="infra\ErrorHandler.h">
      <Filter>Utils</Filter>
    </ClInclude>
    <ClInclude Include="infra\FFmpegPtr.h">
      <Filter>Utils</Filter>
    </ClInclude>
    <ClInclude Include="infra\Logger.h">
      <Filter>Utils</Filter>
    </ClInclude>
  </ItemGroup>
</Project>
